// !$*UTF8*$!
{
	archiveVersion = 1;
	classes = {
	};
	objectVersion = 46;
	objects = {

/* Begin PBXBuildFile section */
		340102A61C8A485C004C5423 /* SwiftyJSON.framework in Frameworks */ = {isa = PBXBuildFile; fileRef = 340102A51C8A485C004C5423 /* SwiftyJSON.framework */; };
		340102AB1C8A4B11004C5423 /* Fabric.framework in Frameworks */ = {isa = PBXBuildFile; fileRef = 340102A91C8A4B11004C5423 /* Fabric.framework */; };
		340102AC1C8A4B11004C5423 /* Crashlytics.framework in Frameworks */ = {isa = PBXBuildFile; fileRef = 340102AA1C8A4B11004C5423 /* Crashlytics.framework */; };
		3415D65E1C8A2F580089220B /* UserRaing.swift in Sources */ = {isa = PBXBuildFile; fileRef = 3415D65D1C8A2F580089220B /* UserRaing.swift */; };
		3415D6621C8A30BD0089220B /* Place.swift in Sources */ = {isa = PBXBuildFile; fileRef = 3415D6611C8A30BD0089220B /* Place.swift */; };
		3415D6641C8A37BD0089220B /* parks.json in Resources */ = {isa = PBXBuildFile; fileRef = 3415D6631C8A37BD0089220B /* parks.json */; };
		34B00ECD1C881751007918CE /* AppDelegate.swift in Sources */ = {isa = PBXBuildFile; fileRef = 34B00ECC1C881751007918CE /* AppDelegate.swift */; };
		34B00ECF1C881751007918CE /* LoginViewController.swift in Sources */ = {isa = PBXBuildFile; fileRef = 34B00ECE1C881751007918CE /* LoginViewController.swift */; };
		34B00ED21C881751007918CE /* Main.storyboard in Resources */ = {isa = PBXBuildFile; fileRef = 34B00ED01C881751007918CE /* Main.storyboard */; };
		34B00ED51C881751007918CE /* iBestFriend.xcdatamodeld in Sources */ = {isa = PBXBuildFile; fileRef = 34B00ED31C881751007918CE /* iBestFriend.xcdatamodeld */; };
		34B00EDA1C881751007918CE /* LaunchScreen.storyboard in Resources */ = {isa = PBXBuildFile; fileRef = 34B00ED81C881751007918CE /* LaunchScreen.storyboard */; };
		34B00EE51C881751007918CE /* iBestFriendTests.swift in Sources */ = {isa = PBXBuildFile; fileRef = 34B00EE41C881751007918CE /* iBestFriendTests.swift */; };
		34B00EF01C881751007918CE /* iBestFriendUITests.swift in Sources */ = {isa = PBXBuildFile; fileRef = 34B00EEF1C881751007918CE /* iBestFriendUITests.swift */; };
		34B00F021C881DB1007918CE /* ParkListTableViewController.swift in Sources */ = {isa = PBXBuildFile; fileRef = 34B00F011C881DB1007918CE /* ParkListTableViewController.swift */; };
		34B00F041C881EA3007918CE /* ParkListTableViewCell.swift in Sources */ = {isa = PBXBuildFile; fileRef = 34B00F031C881EA3007918CE /* ParkListTableViewCell.swift */; };
		34EA231C1C88C29A00EB3FBE /* MapKit.framework in Frameworks */ = {isa = PBXBuildFile; fileRef = 34EA231B1C88C29A00EB3FBE /* MapKit.framework */; };
		34EA23201C88ECEC00EB3FBE /* Assets.xcassets in Resources */ = {isa = PBXBuildFile; fileRef = 34EA231F1C88ECEC00EB3FBE /* Assets.xcassets */; };
		34EA23221C89006700EB3FBE /* ParkInfoViewController.swift in Sources */ = {isa = PBXBuildFile; fileRef = 34EA23211C89006700EB3FBE /* ParkInfoViewController.swift */; };
		34EA23241C89008200EB3FBE /* AccountInfoViewController.swift in Sources */ = {isa = PBXBuildFile; fileRef = 34EA23231C89008200EB3FBE /* AccountInfoViewController.swift */; };
		34EA23261C89009C00EB3FBE /* NewPetViewController.swift in Sources */ = {isa = PBXBuildFile; fileRef = 34EA23251C89009C00EB3FBE /* NewPetViewController.swift */; };
/* End PBXBuildFile section */

/* Begin PBXContainerItemProxy section */
		34B00EE11C881751007918CE /* PBXContainerItemProxy */ = {
			isa = PBXContainerItemProxy;
			containerPortal = 34B00EC11C881751007918CE /* Project object */;
			proxyType = 1;
			remoteGlobalIDString = 34B00EC81C881751007918CE;
			remoteInfo = iBestFriend;
		};
		34B00EEC1C881751007918CE /* PBXContainerItemProxy */ = {
			isa = PBXContainerItemProxy;
			containerPortal = 34B00EC11C881751007918CE /* Project object */;
			proxyType = 1;
			remoteGlobalIDString = 34B00EC81C881751007918CE;
			remoteInfo = iBestFriend;
		};
/* End PBXContainerItemProxy section */

/* Begin PBXFileReference section */
		340102A51C8A485C004C5423 /* SwiftyJSON.framework */ = {isa = PBXFileReference; lastKnownFileType = wrapper.framework; name = SwiftyJSON.framework; path = ../Carthage/Build/iOS/SwiftyJSON.framework; sourceTree = "<group>"; };
		340102A91C8A4B11004C5423 /* Fabric.framework */ = {isa = PBXFileReference; lastKnownFileType = wrapper.framework; path = Fabric.framework; sourceTree = SOURCE_ROOT; };
		340102AA1C8A4B11004C5423 /* Crashlytics.framework */ = {isa = PBXFileReference; lastKnownFileType = wrapper.framework; path = Crashlytics.framework; sourceTree = SOURCE_ROOT; };
		3415D65D1C8A2F580089220B /* UserRaing.swift */ = {isa = PBXFileReference; fileEncoding = 4; lastKnownFileType = sourcecode.swift; path = UserRaing.swift; sourceTree = "<group>"; };
		3415D6611C8A30BD0089220B /* Place.swift */ = {isa = PBXFileReference; fileEncoding = 4; lastKnownFileType = sourcecode.swift; path = Place.swift; sourceTree = "<group>"; };
		3415D6631C8A37BD0089220B /* parks.json */ = {isa = PBXFileReference; fileEncoding = 4; lastKnownFileType = text.json; path = parks.json; sourceTree = "<group>"; };
		34B00EC91C881751007918CE /* iBestFriend.app */ = {isa = PBXFileReference; explicitFileType = wrapper.application; includeInIndex = 0; path = iBestFriend.app; sourceTree = BUILT_PRODUCTS_DIR; };
		34B00ECC1C881751007918CE /* AppDelegate.swift */ = {isa = PBXFileReference; lastKnownFileType = sourcecode.swift; path = AppDelegate.swift; sourceTree = "<group>"; };
		34B00ECE1C881751007918CE /* LoginViewController.swift */ = {isa = PBXFileReference; lastKnownFileType = sourcecode.swift; path = LoginViewController.swift; sourceTree = "<group>"; };
		34B00ED11C881751007918CE /* Base */ = {isa = PBXFileReference; lastKnownFileType = file.storyboard; name = Base; path = Base.lproj/Main.storyboard; sourceTree = "<group>"; };
		34B00ED41C881751007918CE /* iBestFriend.xcdatamodel */ = {isa = PBXFileReference; lastKnownFileType = wrapper.xcdatamodel; path = iBestFriend.xcdatamodel; sourceTree = "<group>"; };
		34B00ED91C881751007918CE /* Base */ = {isa = PBXFileReference; lastKnownFileType = file.storyboard; name = Base; path = Base.lproj/LaunchScreen.storyboard; sourceTree = "<group>"; };
		34B00EDB1C881751007918CE /* Info.plist */ = {isa = PBXFileReference; lastKnownFileType = text.plist.xml; path = Info.plist; sourceTree = "<group>"; };
		34B00EE01C881751007918CE /* iBestFriendTests.xctest */ = {isa = PBXFileReference; explicitFileType = wrapper.cfbundle; includeInIndex = 0; path = iBestFriendTests.xctest; sourceTree = BUILT_PRODUCTS_DIR; };
		34B00EE41C881751007918CE /* iBestFriendTests.swift */ = {isa = PBXFileReference; lastKnownFileType = sourcecode.swift; path = iBestFriendTests.swift; sourceTree = "<group>"; };
		34B00EE61C881751007918CE /* Info.plist */ = {isa = PBXFileReference; lastKnownFileType = text.plist.xml; path = Info.plist; sourceTree = "<group>"; };
		34B00EEB1C881751007918CE /* iBestFriendUITests.xctest */ = {isa = PBXFileReference; explicitFileType = wrapper.cfbundle; includeInIndex = 0; path = iBestFriendUITests.xctest; sourceTree = BUILT_PRODUCTS_DIR; };
		34B00EEF1C881751007918CE /* iBestFriendUITests.swift */ = {isa = PBXFileReference; lastKnownFileType = sourcecode.swift; path = iBestFriendUITests.swift; sourceTree = "<group>"; };
		34B00EF11C881751007918CE /* Info.plist */ = {isa = PBXFileReference; lastKnownFileType = text.plist.xml; path = Info.plist; sourceTree = "<group>"; };
		34B00F011C881DB1007918CE /* ParkListTableViewController.swift */ = {isa = PBXFileReference; fileEncoding = 4; lastKnownFileType = sourcecode.swift; path = ParkListTableViewController.swift; sourceTree = "<group>"; };
		34B00F031C881EA3007918CE /* ParkListTableViewCell.swift */ = {isa = PBXFileReference; fileEncoding = 4; lastKnownFileType = sourcecode.swift; path = ParkListTableViewCell.swift; sourceTree = "<group>"; };
		34EA231B1C88C29A00EB3FBE /* MapKit.framework */ = {isa = PBXFileReference; lastKnownFileType = wrapper.framework; name = MapKit.framework; path = System/Library/Frameworks/MapKit.framework; sourceTree = SDKROOT; };
		34EA231F1C88ECEC00EB3FBE /* Assets.xcassets */ = {isa = PBXFileReference; lastKnownFileType = folder.assetcatalog; path = Assets.xcassets; sourceTree = "<group>"; };
		34EA23211C89006700EB3FBE /* ParkInfoViewController.swift */ = {isa = PBXFileReference; fileEncoding = 4; lastKnownFileType = sourcecode.swift; path = ParkInfoViewController.swift; sourceTree = "<group>"; };
		34EA23231C89008200EB3FBE /* AccountInfoViewController.swift */ = {isa = PBXFileReference; fileEncoding = 4; lastKnownFileType = sourcecode.swift; path = AccountInfoViewController.swift; sourceTree = "<group>"; };
		34EA23251C89009C00EB3FBE /* NewPetViewController.swift */ = {isa = PBXFileReference; fileEncoding = 4; lastKnownFileType = sourcecode.swift; path = NewPetViewController.swift; sourceTree = "<group>"; };
/* End PBXFileReference section */

/* Begin PBXFrameworksBuildPhase section */
		34B00EC61C881751007918CE /* Frameworks */ = {
			isa = PBXFrameworksBuildPhase;
			buildActionMask = 2147483647;
			files = (
				340102A61C8A485C004C5423 /* SwiftyJSON.framework in Frameworks */,
				34EA231C1C88C29A00EB3FBE /* MapKit.framework in Frameworks */,
				340102AC1C8A4B11004C5423 /* Crashlytics.framework in Frameworks */,
				340102AB1C8A4B11004C5423 /* Fabric.framework in Frameworks */,
			);
			runOnlyForDeploymentPostprocessing = 0;
		};
		34B00EDD1C881751007918CE /* Frameworks */ = {
			isa = PBXFrameworksBuildPhase;
			buildActionMask = 2147483647;
			files = (
			);
			runOnlyForDeploymentPostprocessing = 0;
		};
		34B00EE81C881751007918CE /* Frameworks */ = {
			isa = PBXFrameworksBuildPhase;
			buildActionMask = 2147483647;
			files = (
			);
			runOnlyForDeploymentPostprocessing = 0;
		};
/* End PBXFrameworksBuildPhase section */

/* Begin PBXGroup section */
		3415D65F1C8A2F680089220B /* Views */ = {
			isa = PBXGroup;
			children = (
				34B00ECE1C881751007918CE /* LoginViewController.swift */,
				34B00F011C881DB1007918CE /* ParkListTableViewController.swift */,
				34B00F031C881EA3007918CE /* ParkListTableViewCell.swift */,
				34EA23211C89006700EB3FBE /* ParkInfoViewController.swift */,
				34EA23231C89008200EB3FBE /* AccountInfoViewController.swift */,
				34EA23251C89009C00EB3FBE /* NewPetViewController.swift */,
			);
			name = Views;
			sourceTree = "<group>";
		};
		3415D6601C8A2F7E0089220B /* Models */ = {
			isa = PBXGroup;
			children = (
				3415D6611C8A30BD0089220B /* Place.swift */,
				3415D65D1C8A2F580089220B /* UserRaing.swift */,
				3415D6631C8A37BD0089220B /* parks.json */,
			);
			name = Models;
			sourceTree = "<group>";
		};
		34B00EC01C881751007918CE = {
			isa = PBXGroup;
			children = (
				34B00ECB1C881751007918CE /* iBestFriend */,
				34B00EE31C881751007918CE /* iBestFriendTests */,
				34B00EEE1C881751007918CE /* iBestFriendUITests */,
				34B00ECA1C881751007918CE /* Products */,
			);
			sourceTree = "<group>";
		};
		34B00ECA1C881751007918CE /* Products */ = {
			isa = PBXGroup;
			children = (
				34B00EC91C881751007918CE /* iBestFriend.app */,
				34B00EE01C881751007918CE /* iBestFriendTests.xctest */,
				34B00EEB1C881751007918CE /* iBestFriendUITests.xctest */,
			);
			name = Products;
			sourceTree = "<group>";
		};
		34B00ECB1C881751007918CE /* iBestFriend */ = {
			isa = PBXGroup;
			children = (
				34B00ED81C881751007918CE /* LaunchScreen.storyboard */,
				34B00ED01C881751007918CE /* Main.storyboard */,
				34B00ECC1C881751007918CE /* AppDelegate.swift */,
				3415D65F1C8A2F680089220B /* Views */,
				3415D6601C8A2F7E0089220B /* Models */,
				34B00EDB1C881751007918CE /* Info.plist */,
				34EA231F1C88ECEC00EB3FBE /* Assets.xcassets */,
				34B00ED31C881751007918CE /* iBestFriend.xcdatamodeld */,
				340102A91C8A4B11004C5423 /* Fabric.framework */,
				340102AA1C8A4B11004C5423 /* Crashlytics.framework */,
				340102A51C8A485C004C5423 /* SwiftyJSON.framework */,
				34EA231B1C88C29A00EB3FBE /* MapKit.framework */,
			);
			path = iBestFriend;
			sourceTree = "<group>";
		};
		34B00EE31C881751007918CE /* iBestFriendTests */ = {
			isa = PBXGroup;
			children = (
				34B00EE41C881751007918CE /* iBestFriendTests.swift */,
				34B00EE61C881751007918CE /* Info.plist */,
			);
			path = iBestFriendTests;
			sourceTree = "<group>";
		};
		34B00EEE1C881751007918CE /* iBestFriendUITests */ = {
			isa = PBXGroup;
			children = (
				34B00EEF1C881751007918CE /* iBestFriendUITests.swift */,
				34B00EF11C881751007918CE /* Info.plist */,
			);
			path = iBestFriendUITests;
			sourceTree = "<group>";
		};
/* End PBXGroup section */

/* Begin PBXNativeTarget section */
		34B00EC81C881751007918CE /* iBestFriend */ = {
			isa = PBXNativeTarget;
			buildConfigurationList = 34B00EF41C881751007918CE /* Build configuration list for PBXNativeTarget "iBestFriend" */;
			buildPhases = (
				34B00EC51C881751007918CE /* Sources */,
				34B00EC61C881751007918CE /* Frameworks */,
				34B00EC71C881751007918CE /* Resources */,
				340102A71C8A4895004C5423 /* ShellScript */,
				340102A81C8A4AE9004C5423 /* ShellScript */,
			);
			buildRules = (
			);
			dependencies = (
			);
			name = iBestFriend;
			productName = iBestFriend;
			productReference = 34B00EC91C881751007918CE /* iBestFriend.app */;
			productType = "com.apple.product-type.application";
		};
		34B00EDF1C881751007918CE /* iBestFriendTests */ = {
			isa = PBXNativeTarget;
			buildConfigurationList = 34B00EF71C881751007918CE /* Build configuration list for PBXNativeTarget "iBestFriendTests" */;
			buildPhases = (
				34B00EDC1C881751007918CE /* Sources */,
				34B00EDD1C881751007918CE /* Frameworks */,
				34B00EDE1C881751007918CE /* Resources */,
			);
			buildRules = (
			);
			dependencies = (
				34B00EE21C881751007918CE /* PBXTargetDependency */,
			);
			name = iBestFriendTests;
			productName = iBestFriendTests;
			productReference = 34B00EE01C881751007918CE /* iBestFriendTests.xctest */;
			productType = "com.apple.product-type.bundle.unit-test";
		};
		34B00EEA1C881751007918CE /* iBestFriendUITests */ = {
			isa = PBXNativeTarget;
			buildConfigurationList = 34B00EFA1C881751007918CE /* Build configuration list for PBXNativeTarget "iBestFriendUITests" */;
			buildPhases = (
				34B00EE71C881751007918CE /* Sources */,
				34B00EE81C881751007918CE /* Frameworks */,
				34B00EE91C881751007918CE /* Resources */,
			);
			buildRules = (
			);
			dependencies = (
				34B00EED1C881751007918CE /* PBXTargetDependency */,
			);
			name = iBestFriendUITests;
			productName = iBestFriendUITests;
			productReference = 34B00EEB1C881751007918CE /* iBestFriendUITests.xctest */;
			productType = "com.apple.product-type.bundle.ui-testing";
		};
/* End PBXNativeTarget section */

/* Begin PBXProject section */
		34B00EC11C881751007918CE /* Project object */ = {
			isa = PBXProject;
			attributes = {
				LastSwiftUpdateCheck = 0720;
				LastUpgradeCheck = 0720;
				ORGANIZATIONNAME = "Clayton Harper";
				TargetAttributes = {
					34B00EC81C881751007918CE = {
						CreatedOnToolsVersion = 7.2.1;
						DevelopmentTeam = MS7RXAM9UP;
						SystemCapabilities = {
							com.apple.Maps.iOS = {
								enabled = 1;
							};
						};
					};
					34B00EDF1C881751007918CE = {
						CreatedOnToolsVersion = 7.2.1;
						DevelopmentTeam = MS7RXAM9UP;
						TestTargetID = 34B00EC81C881751007918CE;
					};
					34B00EEA1C881751007918CE = {
						CreatedOnToolsVersion = 7.2.1;
						DevelopmentTeam = MS7RXAM9UP;
						TestTargetID = 34B00EC81C881751007918CE;
					};
				};
			};
			buildConfigurationList = 34B00EC41C881751007918CE /* Build configuration list for PBXProject "iBestFriend" */;
			compatibilityVersion = "Xcode 3.2";
			developmentRegion = English;
			hasScannedForEncodings = 0;
			knownRegions = (
				en,
				Base,
			);
			mainGroup = 34B00EC01C881751007918CE;
			productRefGroup = 34B00ECA1C881751007918CE /* Products */;
			projectDirPath = "";
			projectRoot = "";
			targets = (
				34B00EC81C881751007918CE /* iBestFriend */,
				34B00EDF1C881751007918CE /* iBestFriendTests */,
				34B00EEA1C881751007918CE /* iBestFriendUITests */,
			);
		};
/* End PBXProject section */

/* Begin PBXResourcesBuildPhase section */
		34B00EC71C881751007918CE /* Resources */ = {
			isa = PBXResourcesBuildPhase;
			buildActionMask = 2147483647;
			files = (
				34B00EDA1C881751007918CE /* LaunchScreen.storyboard in Resources */,
				34EA23201C88ECEC00EB3FBE /* Assets.xcassets in Resources */,
				34B00ED21C881751007918CE /* Main.storyboard in Resources */,
				3415D6641C8A37BD0089220B /* parks.json in Resources */,
			);
			runOnlyForDeploymentPostprocessing = 0;
		};
		34B00EDE1C881751007918CE /* Resources */ = {
			isa = PBXResourcesBuildPhase;
			buildActionMask = 2147483647;
			files = (
			);
			runOnlyForDeploymentPostprocessing = 0;
		};
		34B00EE91C881751007918CE /* Resources */ = {
			isa = PBXResourcesBuildPhase;
			buildActionMask = 2147483647;
			files = (
			);
			runOnlyForDeploymentPostprocessing = 0;
		};
/* End PBXResourcesBuildPhase section */

/* Begin PBXShellScriptBuildPhase section */
		340102A71C8A4895004C5423 /* ShellScript */ = {
			isa = PBXShellScriptBuildPhase;
			buildActionMask = 2147483647;
			files = (
			);
			inputPaths = (
				"$(SRCROOT)/Carthage/Build/iOS/SwiftyJSON.framework",
			);
			outputPaths = (
			);
			runOnlyForDeploymentPostprocessing = 0;
			shellPath = /bin/sh;
			shellScript = "/usr/local/bin/carthage copy-frameworks\n";
		};
		340102A81C8A4AE9004C5423 /* ShellScript */ = {
			isa = PBXShellScriptBuildPhase;
			buildActionMask = 2147483647;
			files = (
			);
			inputPaths = (
			);
			outputPaths = (
			);
			runOnlyForDeploymentPostprocessing = 0;
			shellPath = /bin/sh;
			shellScript = "./Fabric.framework/run 64fca987e5b58f802a2fc30c54a3ef8f6e82dc3f 6b4240073848588307d7c79cdfcf101a88f2daedd957f890bd09656f59836d30";
		};
/* End PBXShellScriptBuildPhase section */

/* Begin PBXSourcesBuildPhase section */
		34B00EC51C881751007918CE /* Sources */ = {
			isa = PBXSourcesBuildPhase;
			buildActionMask = 2147483647;
			files = (
				34EA23221C89006700EB3FBE /* ParkInfoViewController.swift in Sources */,
				34B00F041C881EA3007918CE /* ParkListTableViewCell.swift in Sources */,
				34B00ED51C881751007918CE /* iBestFriend.xcdatamodeld in Sources */,
				3415D6621C8A30BD0089220B /* Place.swift in Sources */,
				34EA23241C89008200EB3FBE /* AccountInfoViewController.swift in Sources */,
				3415D65E1C8A2F580089220B /* UserRaing.swift in Sources */,
				34B00ECF1C881751007918CE /* LoginViewController.swift in Sources */,
				34B00ECD1C881751007918CE /* AppDelegate.swift in Sources */,
				34B00F021C881DB1007918CE /* ParkListTableViewController.swift in Sources */,
				34EA23261C89009C00EB3FBE /* NewPetViewController.swift in Sources */,
			);
			runOnlyForDeploymentPostprocessing = 0;
		};
		34B00EDC1C881751007918CE /* Sources */ = {
			isa = PBXSourcesBuildPhase;
			buildActionMask = 2147483647;
			files = (
				34B00EE51C881751007918CE /* iBestFriendTests.swift in Sources */,
			);
			runOnlyForDeploymentPostprocessing = 0;
		};
		34B00EE71C881751007918CE /* Sources */ = {
			isa = PBXSourcesBuildPhase;
			buildActionMask = 2147483647;
			files = (
				34B00EF01C881751007918CE /* iBestFriendUITests.swift in Sources */,
			);
			runOnlyForDeploymentPostprocessing = 0;
		};
/* End PBXSourcesBuildPhase section */

/* Begin PBXTargetDependency section */
		34B00EE21C881751007918CE /* PBXTargetDependency */ = {
			isa = PBXTargetDependency;
			target = 34B00EC81C881751007918CE /* iBestFriend */;
			targetProxy = 34B00EE11C881751007918CE /* PBXContainerItemProxy */;
		};
		34B00EED1C881751007918CE /* PBXTargetDependency */ = {
			isa = PBXTargetDependency;
			target = 34B00EC81C881751007918CE /* iBestFriend */;
			targetProxy = 34B00EEC1C881751007918CE /* PBXContainerItemProxy */;
		};
/* End PBXTargetDependency section */

/* Begin PBXVariantGroup section */
		34B00ED01C881751007918CE /* Main.storyboard */ = {
			isa = PBXVariantGroup;
			children = (
				34B00ED11C881751007918CE /* Base */,
			);
			name = Main.storyboard;
			sourceTree = "<group>";
		};
		34B00ED81C881751007918CE /* LaunchScreen.storyboard */ = {
			isa = PBXVariantGroup;
			children = (
				34B00ED91C881751007918CE /* Base */,
			);
			name = LaunchScreen.storyboard;
			sourceTree = "<group>";
		};
/* End PBXVariantGroup section */

/* Begin XCBuildConfiguration section */
		34B00EF21C881751007918CE /* Debug */ = {
			isa = XCBuildConfiguration;
			buildSettings = {
				ALWAYS_SEARCH_USER_PATHS = NO;
				CLANG_CXX_LANGUAGE_STANDARD = "gnu++0x";
				CLANG_CXX_LIBRARY = "libc++";
				CLANG_ENABLE_MODULES = YES;
				CLANG_ENABLE_OBJC_ARC = YES;
				CLANG_WARN_BOOL_CONVERSION = YES;
				CLANG_WARN_CONSTANT_CONVERSION = YES;
				CLANG_WARN_DIRECT_OBJC_ISA_USAGE = YES_ERROR;
				CLANG_WARN_EMPTY_BODY = YES;
				CLANG_WARN_ENUM_CONVERSION = YES;
				CLANG_WARN_INT_CONVERSION = YES;
				CLANG_WARN_OBJC_ROOT_CLASS = YES_ERROR;
				CLANG_WARN_UNREACHABLE_CODE = YES;
				CLANG_WARN__DUPLICATE_METHOD_MATCH = YES;
				"CODE_SIGN_IDENTITY[sdk=iphoneos*]" = "iPhone Developer";
				COPY_PHASE_STRIP = NO;
				DEBUG_INFORMATION_FORMAT = dwarf;
				ENABLE_STRICT_OBJC_MSGSEND = YES;
				ENABLE_TESTABILITY = YES;
				GCC_C_LANGUAGE_STANDARD = gnu99;
				GCC_DYNAMIC_NO_PIC = NO;
				GCC_NO_COMMON_BLOCKS = YES;
				GCC_OPTIMIZATION_LEVEL = 0;
				GCC_PREPROCESSOR_DEFINITIONS = (
					"DEBUG=1",
					"$(inherited)",
				);
				GCC_WARN_64_TO_32_BIT_CONVERSION = YES;
				GCC_WARN_ABOUT_RETURN_TYPE = YES_ERROR;
				GCC_WARN_UNDECLARED_SELECTOR = YES;
				GCC_WARN_UNINITIALIZED_AUTOS = YES_AGGRESSIVE;
				GCC_WARN_UNUSED_FUNCTION = YES;
				GCC_WARN_UNUSED_VARIABLE = YES;
				IPHONEOS_DEPLOYMENT_TARGET = 9.2;
				MTL_ENABLE_DEBUG_INFO = YES;
				ONLY_ACTIVE_ARCH = YES;
				SDKROOT = iphoneos;
				SWIFT_OPTIMIZATION_LEVEL = "-Onone";
				TARGETED_DEVICE_FAMILY = "1,2";
			};
			name = Debug;
		};
		34B00EF31C881751007918CE /* Release */ = {
			isa = XCBuildConfiguration;
			buildSettings = {
				ALWAYS_SEARCH_USER_PATHS = NO;
				CLANG_CXX_LANGUAGE_STANDARD = "gnu++0x";
				CLANG_CXX_LIBRARY = "libc++";
				CLANG_ENABLE_MODULES = YES;
				CLANG_ENABLE_OBJC_ARC = YES;
				CLANG_WARN_BOOL_CONVERSION = YES;
				CLANG_WARN_CONSTANT_CONVERSION = YES;
				CLANG_WARN_DIRECT_OBJC_ISA_USAGE = YES_ERROR;
				CLANG_WARN_EMPTY_BODY = YES;
				CLANG_WARN_ENUM_CONVERSION = YES;
				CLANG_WARN_INT_CONVERSION = YES;
				CLANG_WARN_OBJC_ROOT_CLASS = YES_ERROR;
				CLANG_WARN_UNREACHABLE_CODE = YES;
				CLANG_WARN__DUPLICATE_METHOD_MATCH = YES;
				"CODE_SIGN_IDENTITY[sdk=iphoneos*]" = "iPhone Developer";
				COPY_PHASE_STRIP = NO;
				DEBUG_INFORMATION_FORMAT = "dwarf-with-dsym";
				ENABLE_NS_ASSERTIONS = NO;
				ENABLE_STRICT_OBJC_MSGSEND = YES;
				GCC_C_LANGUAGE_STANDARD = gnu99;
				GCC_NO_COMMON_BLOCKS = YES;
				GCC_WARN_64_TO_32_BIT_CONVERSION = YES;
				GCC_WARN_ABOUT_RETURN_TYPE = YES_ERROR;
				GCC_WARN_UNDECLARED_SELECTOR = YES;
				GCC_WARN_UNINITIALIZED_AUTOS = YES_AGGRESSIVE;
				GCC_WARN_UNUSED_FUNCTION = YES;
				GCC_WARN_UNUSED_VARIABLE = YES;
				IPHONEOS_DEPLOYMENT_TARGET = 9.2;
				MTL_ENABLE_DEBUG_INFO = NO;
				SDKROOT = iphoneos;
				TARGETED_DEVICE_FAMILY = "1,2";
				VALIDATE_PRODUCT = YES;
			};
			name = Release;
		};
		34B00EF51C881751007918CE /* Debug */ = {
			isa = XCBuildConfiguration;
			buildSettings = {
				ASSETCATALOG_COMPILER_APPICON_NAME = AppIcon;
				FRAMEWORK_SEARCH_PATHS = (
					"$(inherited)",
					"$(PROJECT_DIR)/Carthage/Build/iOS",
					"$(PROJECT_DIR)",
				);
				INFOPLIST_FILE = iBestFriend/Info.plist;
				LD_RUNPATH_SEARCH_PATHS = "$(inherited) @executable_path/Frameworks";
				PRODUCT_BUNDLE_IDENTIFIER = com.ctharper.iBestFriend;
				PRODUCT_NAME = "$(TARGET_NAME)";
			};
			name = Debug;
		};
		34B00EF61C881751007918CE /* Release */ = {
			isa = XCBuildConfiguration;
			buildSettings = {
				ASSETCATALOG_COMPILER_APPICON_NAME = AppIcon;
				FRAMEWORK_SEARCH_PATHS = (
					"$(inherited)",
					"$(PROJECT_DIR)/Carthage/Build/iOS",
					"$(PROJECT_DIR)",
				);
				INFOPLIST_FILE = iBestFriend/Info.plist;
				LD_RUNPATH_SEARCH_PATHS = "$(inherited) @executable_path/Frameworks";
				PRODUCT_BUNDLE_IDENTIFIER = com.ctharper.iBestFriend;
				PRODUCT_NAME = "$(TARGET_NAME)";
			};
			name = Release;
		};
		34B00EF81C881751007918CE /* Debug */ = {
			isa = XCBuildConfiguration;
			buildSettings = {
				BUNDLE_LOADER = "$(TEST_HOST)";
				INFOPLIST_FILE = iBestFriendTests/Info.plist;
				LD_RUNPATH_SEARCH_PATHS = "$(inherited) @executable_path/Frameworks @loader_path/Frameworks";
				PRODUCT_BUNDLE_IDENTIFIER = com.ctharper.iBestFriendTests;
				PRODUCT_NAME = "$(TARGET_NAME)";
				TEST_HOST = "$(BUILT_PRODUCTS_DIR)/iBestFriend.app/iBestFriend";
			};
			name = Debug;
		};
		34B00EF91C881751007918CE /* Release */ = {
			isa = XCBuildConfiguration;
			buildSettings = {
				BUNDLE_LOADER = "$(TEST_HOST)";
				INFOPLIST_FILE = iBestFriendTests/Info.plist;
				LD_RUNPATH_SEARCH_PATHS = "$(inherited) @executable_path/Frameworks @loader_path/Frameworks";
				PRODUCT_BUNDLE_IDENTIFIER = com.ctharper.iBestFriendTests;
				PRODUCT_NAME = "$(TARGET_NAME)";
				TEST_HOST = "$(BUILT_PRODUCTS_DIR)/iBestFriend.app/iBestFriend";
			};
			name = Release;
		};
		34B00EFB1C881751007918CE /* Debug */ = {
			isa = XCBuildConfiguration;
			buildSettings = {
				INFOPLIST_FILE = iBestFriendUITests/Info.plist;
				LD_RUNPATH_SEARCH_PATHS = "$(inherited) @executable_path/Frameworks @loader_path/Frameworks";
				PRODUCT_BUNDLE_IDENTIFIER = com.ctharper.iBestFriendUITests;
				PRODUCT_NAME = "$(TARGET_NAME)";
				TEST_TARGET_NAME = iBestFriend;
				USES_XCTRUNNER = YES;
			};
			name = Debug;
		};
		34B00EFC1C881751007918CE /* Release */ = {
			isa = XCBuildConfiguration;
			buildSettings = {
				INFOPLIST_FILE = iBestFriendUITests/Info.plist;
				LD_RUNPATH_SEARCH_PATHS = "$(inherited) @executable_path/Frameworks @loader_path/Frameworks";
				PRODUCT_BUNDLE_IDENTIFIER = com.ctharper.iBestFriendUITests;
				PRODUCT_NAME = "$(TARGET_NAME)";
				TEST_TARGET_NAME = iBestFriend;
				USES_XCTRUNNER = YES;
			};
			name = Release;
		};
/* End XCBuildConfiguration section */

/* Begin XCConfigurationList section */
		34B00EC41C881751007918CE /* Build configuration list for PBXProject "iBestFriend" */ = {
			isa = XCConfigurationList;
			buildConfigurations = (
				34B00EF21C881751007918CE /* Debug */,
				34B00EF31C881751007918CE /* Release */,
			);
			defaultConfigurationIsVisible = 0;
			defaultConfigurationName = Release;
		};
		34B00EF41C881751007918CE /* Build configuration list for PBXNativeTarget "iBestFriend" */ = {
			isa = XCConfigurationList;
			buildConfigurations = (
				34B00EF51C881751007918CE /* Debug */,
				34B00EF61C881751007918CE /* Release */,
			);
			defaultConfigurationIsVisible = 0;
			defaultConfigurationName = Release;
		};
		34B00EF71C881751007918CE /* Build configuration list for PBXNativeTarget "iBestFriendTests" */ = {
			isa = XCConfigurationList;
			buildConfigurations = (
				34B00EF81C881751007918CE /* Debug */,
				34B00EF91C881751007918CE /* Release */,
			);
			defaultConfigurationIsVisible = 0;
			defaultConfigurationName = Release;
		};
		34B00EFA1C881751007918CE /* Build configuration list for PBXNativeTarget "iBestFriendUITests" */ = {
			isa = XCConfigurationList;
			buildConfigurations = (
				34B00EFB1C881751007918CE /* Debug */,
				34B00EFC1C881751007918CE /* Release */,
			);
			defaultConfigurationIsVisible = 0;
			defaultConfigurationName = Release;
		};
/* End XCConfigurationList section */

/* Begin XCVersionGroup section */
		34B00ED31C881751007918CE /* iBestFriend.xcdatamodeld */ = {
			isa = XCVersionGroup;
			children = (
				34B00ED41C881751007918CE /* iBestFriend.xcdatamodel */,
			);
			currentVersion = 34B00ED41C881751007918CE /* iBestFriend.xcdatamodel */;
			path = iBestFriend.xcdatamodeld;
			sourceTree = "<group>";
			versionGroupType = wrapper.xcdatamodel;
		};
/* End XCVersionGroup section */
	};
	rootObject = 34B00EC11C881751007918CE /* Project object */;
}
