// !$*UTF8*$!
{
	archiveVersion = 1;
	classes = {
	};
	objectVersion = 46;
	objects = {

/* Begin PBXBuildFile section */
		34B00ECD1C881751007918CE /* AppDelegate.swift in Sources */ = {isa = PBXBuildFile; fileRef = 34B00ECC1C881751007918CE /* AppDelegate.swift */; };
		34B00ECF1C881751007918CE /* ViewController.swift in Sources */ = {isa = PBXBuildFile; fileRef = 34B00ECE1C881751007918CE /* ViewController.swift */; };
		34B00ED21C881751007918CE /* Main.storyboard in Resources */ = {isa = PBXBuildFile; fileRef = 34B00ED01C881751007918CE /* Main.storyboard */; };
		34B00ED51C881751007918CE /* iBestFriend.xcdatamodeld in Sources */ = {isa = PBXBuildFile; fileRef = 34B00ED31C881751007918CE /* iBestFriend.xcdatamodeld */; };
		34B00ED71C881751007918CE /* Assets.xcassets in Resources */ = {isa = PBXBuildFile; fileRef = 34B00ED61C881751007918CE /* Assets.xcassets */; };
		34B00EDA1C881751007918CE /* LaunchScreen.storyboard in Resources */ = {isa = PBXBuildFile; fileRef = 34B00ED81C881751007918CE /* LaunchScreen.storyboard */; };
		34B00EE51C881751007918CE /* iBestFriendTests.swift in Sources */ = {isa = PBXBuildFile; fileRef = 34B00EE41C881751007918CE /* iBestFriendTests.swift */; };
		34B00EF01C881751007918CE /* iBestFriendUITests.swift in Sources */ = {isa = PBXBuildFile; fileRef = 34B00EEF1C881751007918CE /* iBestFriendUITests.swift */; };
/* End PBXBuildFile section */

/* Begin PBXContainerItemProxy section */
		34B00EE11C881751007918CE /* PBXContainerItemProxy */ = {
			isa = PBXContainerItemProxy;
			containerPortal = 34B00EC11C881751007918CE /* Project object */;
			proxyType = 1;
			remoteGlobalIDString = 34B00EC81C881751007918CE;
			remoteInfo = iBestFriend;
		};
		34B00EEC1C881751007918CE /* PBXContainerItemProxy */ = {
			isa = PBXContainerItemProxy;
			containerPortal = 34B00EC11C881751007918CE /* Project object */;
			proxyType = 1;
			remoteGlobalIDString = 34B00EC81C881751007918CE;
			remoteInfo = iBestFriend;
		};
/* End PBXContainerItemProxy section */

/* Begin PBXFileReference section */
		34B00EC91C881751007918CE /* iBestFriend.app */ = {isa = PBXFileReference; explicitFileType = wrapper.application; includeInIndex = 0; path = iBestFriend.app; sourceTree = BUILT_PRODUCTS_DIR; };
		34B00ECC1C881751007918CE /* AppDelegate.swift */ = {isa = PBXFileReference; lastKnownFileType = sourcecode.swift; path = AppDelegate.swift; sourceTree = "<group>"; };
		34B00ECE1C881751007918CE /* ViewController.swift */ = {isa = PBXFileReference; lastKnownFileType = sourcecode.swift; path = ViewController.swift; sourceTree = "<group>"; };
		34B00ED11C881751007918CE /* Base */ = {isa = PBXFileReference; lastKnownFileType = file.storyboard; name = Base; path = Base.lproj/Main.storyboard; sourceTree = "<group>"; };
		34B00ED41C881751007918CE /* iBestFriend.xcdatamodel */ = {isa = PBXFileReference; lastKnownFileType = wrapper.xcdatamodel; path = iBestFriend.xcdatamodel; sourceTree = "<group>"; };
		34B00ED61C881751007918CE /* Assets.xcassets */ = {isa = PBXFileReference; lastKnownFileType = folder.assetcatalog; path = Assets.xcassets; sourceTree = "<group>"; };
		34B00ED91C881751007918CE /* Base */ = {isa = PBXFileReference; lastKnownFileType = file.storyboard; name = Base; path = Base.lproj/LaunchScreen.storyboard; sourceTree = "<group>"; };
		34B00EDB1C881751007918CE /* Info.plist */ = {isa = PBXFileReference; lastKnownFileType = text.plist.xml; path = Info.plist; sourceTree = "<group>"; };
		34B00EE01C881751007918CE /* iBestFriendTests.xctest */ = {isa = PBXFileReference; explicitFileType = wrapper.cfbundle; includeInIndex = 0; path = iBestFriendTests.xctest; sourceTree = BUILT_PRODUCTS_DIR; };
		34B00EE41C881751007918CE /* iBestFriendTests.swift */ = {isa = PBXFileReference; lastKnownFileType = sourcecode.swift; path = iBestFriendTests.swift; sourceTree = "<group>"; };
		34B00EE61C881751007918CE /* Info.plist */ = {isa = PBXFileReference; lastKnownFileType = text.plist.xml; path = Info.plist; sourceTree = "<group>"; };
		34B00EEB1C881751007918CE /* iBestFriendUITests.xctest */ = {isa = PBXFileReference; explicitFileType = wrapper.cfbundle; includeInIndex = 0; path = iBestFriendUITests.xctest; sourceTree = BUILT_PRODUCTS_DIR; };
		34B00EEF1C881751007918CE /* iBestFriendUITests.swift */ = {isa = PBXFileReference; lastKnownFileType = sourcecode.swift; path = iBestFriendUITests.swift; sourceTree = "<group>"; };
		34B00EF11C881751007918CE /* Info.plist */ = {isa = PBXFileReference; lastKnownFileType = text.plist.xml; path = Info.plist; sourceTree = "<group>"; };
/* End PBXFileReference section */

/* Begin PBXFrameworksBuildPhase section */
		34B00EC61C881751007918CE /* Frameworks */ = {
			isa = PBXFrameworksBuildPhase;
			buildActionMask = 2147483647;
			files = (
			);
			runOnlyForDeploymentPostprocessing = 0;
		};
		34B00EDD1C881751007918CE /* Frameworks */ = {
			isa = PBXFrameworksBuildPhase;
			buildActionMask = 2147483647;
			files = (
			);
			runOnlyForDeploymentPostprocessing = 0;
		};
		34B00EE81C881751007918CE /* Frameworks */ = {
			isa = PBXFrameworksBuildPhase;
			buildActionMask = 2147483647;
			files = (
			);
			runOnlyForDeploymentPostprocessing = 0;
		};
/* End PBXFrameworksBuildPhase section */

/* Begin PBXGroup section */
		34B00EC01C881751007918CE = {
			isa = PBXGroup;
			children = (
				34B00ECB1C881751007918CE /* iBestFriend */,
				34B00EE31C881751007918CE /* iBestFriendTests */,
				34B00EEE1C881751007918CE /* iBestFriendUITests */,
				34B00ECA1C881751007918CE /* Products */,
			);
			sourceTree = "<group>";
		};
		34B00ECA1C881751007918CE /* Products */ = {
			isa = PBXGroup;
			children = (
				34B00EC91C881751007918CE /* iBestFriend.app */,
				34B00EE01C881751007918CE /* iBestFriendTests.xctest */,
				34B00EEB1C881751007918CE /* iBestFriendUITests.xctest */,
			);
			name = Products;
			sourceTree = "<group>";
		};
		34B00ECB1C881751007918CE /* iBestFriend */ = {
			isa = PBXGroup;
			children = (
				34B00ECC1C881751007918CE /* AppDelegate.swift */,
				34B00ECE1C881751007918CE /* ViewController.swift */,
				34B00ED01C881751007918CE /* Main.storyboard */,
				34B00ED61C881751007918CE /* Assets.xcassets */,
				34B00ED81C881751007918CE /* LaunchScreen.storyboard */,
				34B00EDB1C881751007918CE /* Info.plist */,
				34B00ED31C881751007918CE /* iBestFriend.xcdatamodeld */,
			);
			path = iBestFriend;
			sourceTree = "<group>";
		};
		34B00EE31C881751007918CE /* iBestFriendTests */ = {
			isa = PBXGroup;
			children = (
				34B00EE41C881751007918CE /* iBestFriendTests.swift */,
				34B00EE61C881751007918CE /* Info.plist */,
			);
			path = iBestFriendTests;
			sourceTree = "<group>";
		};
		34B00EEE1C881751007918CE /* iBestFriendUITests */ = {
			isa = PBXGroup;
			children = (
				34B00EEF1C881751007918CE /* iBestFriendUITests.swift */,
				34B00EF11C881751007918CE /* Info.plist */,
			);
			path = iBestFriendUITests;
			sourceTree = "<group>";
		};
/* End PBXGroup section */

/* Begin PBXNativeTarget section */
		34B00EC81C881751007918CE /* iBestFriend */ = {
			isa = PBXNativeTarget;
			buildConfigurationList = 34B00EF41C881751007918CE /* Build configuration list for PBXNativeTarget "iBestFriend" */;
			buildPhases = (
				34B00EC51C881751007918CE /* Sources */,
				34B00EC61C881751007918CE /* Frameworks */,
				34B00EC71C881751007918CE /* Resources */,
			);
			buildRules = (
			);
			dependencies = (
			);
			name = iBestFriend;
			productName = iBestFriend;
			productReference = 34B00EC91C881751007918CE /* iBestFriend.app */;
			productType = "com.apple.product-type.application";
		};
		34B00EDF1C881751007918CE /* iBestFriendTests */ = {
			isa = PBXNativeTarget;
			buildConfigurationList = 34B00EF71C881751007918CE /* Build configuration list for PBXNativeTarget "iBestFriendTests" */;
			buildPhases = (
				34B00EDC1C881751007918CE /* Sources */,
				34B00EDD1C881751007918CE /* Frameworks */,
				34B00EDE1C881751007918CE /* Resources */,
			);
			buildRules = (
			);
			dependencies = (
				34B00EE21C881751007918CE /* PBXTargetDependency */,
			);
			name = iBestFriendTests;
			productName = iBestFriendTests;
			productReference = 34B00EE01C881751007918CE /* iBestFriendTests.xctest */;
			productType = "com.apple.product-type.bundle.unit-test";
		};
		34B00EEA1C881751007918CE /* iBestFriendUITests */ = {
			isa = PBXNativeTarget;
			buildConfigurationList = 34B00EFA1C881751007918CE /* Build configuration list for PBXNativeTarget "iBestFriendUITests" */;
			buildPhases = (
				34B00EE71C881751007918CE /* Sources */,
				34B00EE81C881751007918CE /* Frameworks */,
				34B00EE91C881751007918CE /* Resources */,
			);
			buildRules = (
			);
			dependencies = (
				34B00EED1C881751007918CE /* PBXTargetDependency */,
			);
			name = iBestFriendUITests;
			productName = iBestFriendUITests;
			productReference = 34B00EEB1C881751007918CE /* iBestFriendUITests.xctest */;
			productType = "com.apple.product-type.bundle.ui-testing";
		};
/* End PBXNativeTarget section */

/* Begin PBXProject section */
		34B00EC11C881751007918CE /* Project object */ = {
			isa = PBXProject;
			attributes = {
				LastSwiftUpdateCheck = 0720;
				LastUpgradeCheck = 0720;
				ORGANIZATIONNAME = "Clayton Harper";
				TargetAttributes = {
					34B00EC81C881751007918CE = {
						CreatedOnToolsVersion = 7.2.1;
						DevelopmentTeam = MS7RXAM9UP;
					};
					34B00EDF1C881751007918CE = {
						CreatedOnToolsVersion = 7.2.1;
						DevelopmentTeam = MS7RXAM9UP;
						TestTargetID = 34B00EC81C881751007918CE;
					};
					34B00EEA1C881751007918CE = {
						CreatedOnToolsVersion = 7.2.1;
						DevelopmentTeam = MS7RXAM9UP;
						TestTargetID = 34B00EC81C881751007918CE;
					};
				};
			};
			buildConfigurationList = 34B00EC41C881751007918CE /* Build configuration list for PBXProject "iBestFriend" */;
			compatibilityVersion = "Xcode 3.2";
			developmentRegion = English;
			hasScannedForEncodings = 0;
			knownRegions = (
				en,
				Base,
			);
			mainGroup = 34B00EC01C881751007918CE;
			productRefGroup = 34B00ECA1C881751007918CE /* Products */;
			projectDirPath = "";
			projectRoot = "";
			targets = (
				34B00EC81C881751007918CE /* iBestFriend */,
				34B00EDF1C881751007918CE /* iBestFriendTests */,
				34B00EEA1C881751007918CE /* iBestFriendUITests */,
			);
		};
/* End PBXProject section */

/* Begin PBXResourcesBuildPhase section */
		34B00EC71C881751007918CE /* Resources */ = {
			isa = PBXResourcesBuildPhase;
			buildActionMask = 2147483647;
			files = (
				34B00EDA1C881751007918CE /* LaunchScreen.storyboard in Resources */,
				34B00ED71C881751007918CE /* Assets.xcassets in Resources */,
				34B00ED21C881751007918CE /* Main.storyboard in Resources */,
			);
			runOnlyForDeploymentPostprocessing = 0;
		};
		34B00EDE1C881751007918CE /* Resources */ = {
			isa = PBXResourcesBuildPhase;
			buildActionMask = 2147483647;
			files = (
			);
			runOnlyForDeploymentPostprocessing = 0;
		};
		34B00EE91C881751007918CE /* Resources */ = {
			isa = PBXResourcesBuildPhase;
			buildActionMask = 2147483647;
			files = (
			);
			runOnlyForDeploymentPostprocessing = 0;
		};
/* End PBXResourcesBuildPhase section */

/* Begin PBXSourcesBuildPhase section */
		34B00EC51C881751007918CE /* Sources */ = {
			isa = PBXSourcesBuildPhase;
			buildActionMask = 2147483647;
			files = (
				34B00ED51C881751007918CE /* iBestFriend.xcdatamodeld in Sources */,
				34B00ECF1C881751007918CE /* ViewController.swift in Sources */,
				34B00ECD1C881751007918CE /* AppDelegate.swift in Sources */,
			);
			runOnlyForDeploymentPostprocessing = 0;
		};
		34B00EDC1C881751007918CE /* Sources */ = {
			isa = PBXSourcesBuildPhase;
			buildActionMask = 2147483647;
			files = (
				34B00EE51C881751007918CE /* iBestFriendTests.swift in Sources */,
			);
			runOnlyForDeploymentPostprocessing = 0;
		};
		34B00EE71C881751007918CE /* Sources */ = {
			isa = PBXSourcesBuildPhase;
			buildActionMask = 2147483647;
			files = (
				34B00EF01C881751007918CE /* iBestFriendUITests.swift in Sources */,
			);
			runOnlyForDeploymentPostprocessing = 0;
		};
/* End PBXSourcesBuildPhase section */

/* Begin PBXTargetDependency section */
		34B00EE21C881751007918CE /* PBXTargetDependency */ = {
			isa = PBXTargetDependency;
			target = 34B00EC81C881751007918CE /* iBestFriend */;
			targetProxy = 34B00EE11C881751007918CE /* PBXContainerItemProxy */;
		};
		34B00EED1C881751007918CE /* PBXTargetDependency */ = {
			isa = PBXTargetDependency;
			target = 34B00EC81C881751007918CE /* iBestFriend */;
			targetProxy = 34B00EEC1C881751007918CE /* PBXContainerItemProxy */;
		};
/* End PBXTargetDependency section */

/* Begin PBXVariantGroup section */
		34B00ED01C881751007918CE /* Main.storyboard */ = {
			isa = PBXVariantGroup;
			children = (
				34B00ED11C881751007918CE /* Base */,
			);
			name = Main.storyboard;
			sourceTree = "<group>";
		};
		34B00ED81C881751007918CE /* LaunchScreen.storyboard */ = {
			isa = PBXVariantGroup;
			children = (
				34B00ED91C881751007918CE /* Base */,
			);
			name = LaunchScreen.storyboard;
			sourceTree = "<group>";
		};
/* End PBXVariantGroup section */

/* Begin XCBuildConfiguration section */
		34B00EF21C881751007918CE /* Debug */ = {
			isa = XCBuildConfiguration;
			buildSettings = {
				ALWAYS_SEARCH_USER_PATHS = NO;
				CLANG_CXX_LANGUAGE_STANDARD = "gnu++0x";
				CLANG_CXX_LIBRARY = "libc++";
				CLANG_ENABLE_MODULES = YES;
				CLANG_ENABLE_OBJC_ARC = YES;
				CLANG_WARN_BOOL_CONVERSION = YES;
				CLANG_WARN_CONSTANT_CONVERSION = YES;
				CLANG_WARN_DIRECT_OBJC_ISA_USAGE = YES_ERROR;
				CLANG_WARN_EMPTY_BODY = YES;
				CLANG_WARN_ENUM_CONVERSION = YES;
				CLANG_WARN_INT_CONVERSION = YES;
				CLANG_WARN_OBJC_ROOT_CLASS = YES_ERROR;
				CLANG_WARN_UNREACHABLE_CODE = YES;
				CLANG_WARN__DUPLICATE_METHOD_MATCH = YES;
				"CODE_SIGN_IDENTITY[sdk=iphoneos*]" = "iPhone Developer";
				COPY_PHASE_STRIP = NO;
				DEBUG_INFORMATION_FORMAT = dwarf;
				ENABLE_STRICT_OBJC_MSGSEND = YES;
				ENABLE_TESTABILITY = YES;
				GCC_C_LANGUAGE_STANDARD = gnu99;
				GCC_DYNAMIC_NO_PIC = NO;
				GCC_NO_COMMON_BLOCKS = YES;
				GCC_OPTIMIZATION_LEVEL = 0;
				GCC_PREPROCESSOR_DEFINITIONS = (
					"DEBUG=1",
					"$(inherited)",
				);
				GCC_WARN_64_TO_32_BIT_CONVERSION = YES;
				GCC_WARN_ABOUT_RETURN_TYPE = YES_ERROR;
				GCC_WARN_UNDECLARED_SELECTOR = YES;
				GCC_WARN_UNINITIALIZED_AUTOS = YES_AGGRESSIVE;
				GCC_WARN_UNUSED_FUNCTION = YES;
				GCC_WARN_UNUSED_VARIABLE = YES;
				IPHONEOS_DEPLOYMENT_TARGET = 9.2;
				MTL_ENABLE_DEBUG_INFO = YES;
				ONLY_ACTIVE_ARCH = YES;
				SDKROOT = iphoneos;
				SWIFT_OPTIMIZATION_LEVEL = "-Onone";
				TARGETED_DEVICE_FAMILY = "1,2";
			};
			name = Debug;
		};
		34B00EF31C881751007918CE /* Release */ = {
			isa = XCBuildConfiguration;
			buildSettings = {
				ALWAYS_SEARCH_USER_PATHS = NO;
				CLANG_CXX_LANGUAGE_STANDARD = "gnu++0x";
				CLANG_CXX_LIBRARY = "libc++";
				CLANG_ENABLE_MODULES = YES;
				CLANG_ENABLE_OBJC_ARC = YES;
				CLANG_WARN_BOOL_CONVERSION = YES;
				CLANG_WARN_CONSTANT_CONVERSION = YES;
				CLANG_WARN_DIRECT_OBJC_ISA_USAGE = YES_ERROR;
				CLANG_WARN_EMPTY_BODY = YES;
				CLANG_WARN_ENUM_CONVERSION = YES;
				CLANG_WARN_INT_CONVERSION = YES;
				CLANG_WARN_OBJC_ROOT_CLASS = YES_ERROR;
				CLANG_WARN_UNREACHABLE_CODE = YES;
				CLANG_WARN__DUPLICATE_METHOD_MATCH = YES;
				"CODE_SIGN_IDENTITY[sdk=iphoneos*]" = "iPhone Developer";
				COPY_PHASE_STRIP = NO;
				DEBUG_INFORMATION_FORMAT = "dwarf-with-dsym";
				ENABLE_NS_ASSERTIONS = NO;
				ENABLE_STRICT_OBJC_MSGSEND = YES;
				GCC_C_LANGUAGE_STANDARD = gnu99;
				GCC_NO_COMMON_BLOCKS = YES;
				GCC_WARN_64_TO_32_BIT_CONVERSION = YES;
				GCC_WARN_ABOUT_RETURN_TYPE = YES_ERROR;
				GCC_WARN_UNDECLARED_SELECTOR = YES;
				GCC_WARN_UNINITIALIZED_AUTOS = YES_AGGRESSIVE;
				GCC_WARN_UNUSED_FUNCTION = YES;
				GCC_WARN_UNUSED_VARIABLE = YES;
				IPHONEOS_DEPLOYMENT_TARGET = 9.2;
				MTL_ENABLE_DEBUG_INFO = NO;
				SDKROOT = iphoneos;
				TARGETED_DEVICE_FAMILY = "1,2";
				VALIDATE_PRODUCT = YES;
			};
			name = Release;
		};
		34B00EF51C881751007918CE /* Debug */ = {
			isa = XCBuildConfiguration;
			buildSettings = {
				ASSETCATALOG_COMPILER_APPICON_NAME = AppIcon;
				INFOPLIST_FILE = iBestFriend/Info.plist;
				LD_RUNPATH_SEARCH_PATHS = "$(inherited) @executable_path/Frameworks";
				PRODUCT_BUNDLE_IDENTIFIER = com.ctharper.iBestFriend;
				PRODUCT_NAME = "$(TARGET_NAME)";
			};
			name = Debug;
		};
		34B00EF61C881751007918CE /* Release */ = {
			isa = XCBuildConfiguration;
			buildSettings = {
				ASSETCATALOG_COMPILER_APPICON_NAME = AppIcon;
				INFOPLIST_FILE = iBestFriend/Info.plist;
				LD_RUNPATH_SEARCH_PATHS = "$(inherited) @executable_path/Frameworks";
				PRODUCT_BUNDLE_IDENTIFIER = com.ctharper.iBestFriend;
				PRODUCT_NAME = "$(TARGET_NAME)";
			};
			name = Release;
		};
		34B00EF81C881751007918CE /* Debug */ = {
			isa = XCBuildConfiguration;
			buildSettings = {
				BUNDLE_LOADER = "$(TEST_HOST)";
				INFOPLIST_FILE = iBestFriendTests/Info.plist;
				LD_RUNPATH_SEARCH_PATHS = "$(inherited) @executable_path/Frameworks @loader_path/Frameworks";
				PRODUCT_BUNDLE_IDENTIFIER = com.ctharper.iBestFriendTests;
				PRODUCT_NAME = "$(TARGET_NAME)";
				TEST_HOST = "$(BUILT_PRODUCTS_DIR)/iBestFriend.app/iBestFriend";
			};
			name = Debug;
		};
		34B00EF91C881751007918CE /* Release */ = {
			isa = XCBuildConfiguration;
			buildSettings = {
				BUNDLE_LOADER = "$(TEST_HOST)";
				INFOPLIST_FILE = iBestFriendTests/Info.plist;
				LD_RUNPATH_SEARCH_PATHS = "$(inherited) @executable_path/Frameworks @loader_path/Frameworks";
				PRODUCT_BUNDLE_IDENTIFIER = com.ctharper.iBestFriendTests;
				PRODUCT_NAME = "$(TARGET_NAME)";
				TEST_HOST = "$(BUILT_PRODUCTS_DIR)/iBestFriend.app/iBestFriend";
			};
			name = Release;
		};
		34B00EFB1C881751007918CE /* Debug */ = {
			isa = XCBuildConfiguration;
			buildSettings = {
				INFOPLIST_FILE = iBestFriendUITests/Info.plist;
				LD_RUNPATH_SEARCH_PATHS = "$(inherited) @executable_path/Frameworks @loader_path/Frameworks";
				PRODUCT_BUNDLE_IDENTIFIER = com.ctharper.iBestFriendUITests;
				PRODUCT_NAME = "$(TARGET_NAME)";
				TEST_TARGET_NAME = iBestFriend;
				USES_XCTRUNNER = YES;
			};
			name = Debug;
		};
		34B00EFC1C881751007918CE /* Release */ = {
			isa = XCBuildConfiguration;
			buildSettings = {
				INFOPLIST_FILE = iBestFriendUITests/Info.plist;
				LD_RUNPATH_SEARCH_PATHS = "$(inherited) @executable_path/Frameworks @loader_path/Frameworks";
				PRODUCT_BUNDLE_IDENTIFIER = com.ctharper.iBestFriendUITests;
				PRODUCT_NAME = "$(TARGET_NAME)";
				TEST_TARGET_NAME = iBestFriend;
				USES_XCTRUNNER = YES;
			};
			name = Release;
		};
/* End XCBuildConfiguration section */

/* Begin XCConfigurationList section */
		34B00EC41C881751007918CE /* Build configuration list for PBXProject "iBestFriend" */ = {
			isa = XCConfigurationList;
			buildConfigurations = (
				34B00EF21C881751007918CE /* Debug */,
				34B00EF31C881751007918CE /* Release */,
			);
			defaultConfigurationIsVisible = 0;
			defaultConfigurationName = Release;
		};
		34B00EF41C881751007918CE /* Build configuration list for PBXNativeTarget "iBestFriend" */ = {
			isa = XCConfigurationList;
			buildConfigurations = (
				34B00EF51C881751007918CE /* Debug */,
				34B00EF61C881751007918CE /* Release */,
			);
			defaultConfigurationIsVisible = 0;
		};
		34B00EF71C881751007918CE /* Build configuration list for PBXNativeTarget "iBestFriendTests" */ = {
			isa = XCConfigurationList;
			buildConfigurations = (
				34B00EF81C881751007918CE /* Debug */,
				34B00EF91C881751007918CE /* Release */,
			);
			defaultConfigurationIsVisible = 0;
		};
		34B00EFA1C881751007918CE /* Build configuration list for PBXNativeTarget "iBestFriendUITests" */ = {
			isa = XCConfigurationList;
			buildConfigurations = (
				34B00EFB1C881751007918CE /* Debug */,
				34B00EFC1C881751007918CE /* Release */,
			);
			defaultConfigurationIsVisible = 0;
		};
/* End XCConfigurationList section */

/* Begin XCVersionGroup section */
		34B00ED31C881751007918CE /* iBestFriend.xcdatamodeld */ = {
			isa = XCVersionGroup;
			children = (
				34B00ED41C881751007918CE /* iBestFriend.xcdatamodel */,
			);
			currentVersion = 34B00ED41C881751007918CE /* iBestFriend.xcdatamodel */;
			path = iBestFriend.xcdatamodeld;
			sourceTree = "<group>";
			versionGroupType = wrapper.xcdatamodel;
		};
/* End XCVersionGroup section */
	};
	rootObject = 34B00EC11C881751007918CE /* Project object */;
}
